
Microsoft Visual Studio Solution File, Format Version 12.00
# Visual Studio Version 17
VisualStudioVersion = 17.0.31903.59
MinimumVisualStudioVersion = 10.0.40219.1
Project("{9A19103F-16F7-4668-BE54-9A1E7A4F7556}") = "Contactor.Tests", "Contactor.Tests\Contactor.Tests.csproj", "{23CBECA5-9658-421A-B77B-B870A3E4C829}"
EndProject
Project("{FAE04EC0-301F-11D3-BF4B-00C04F79EFBC}") = "Contactor.Backend", "Contactor.Backend\Contactor.Backend.csproj", "{6359B5A8-8370-468C-87D6-F702B5141220}"
EndProject
Project("{2150E333-8FDC-42A3-9474-1A3956D46DE8}") = "Solution Items", "Solution Items", "{B4EBBBC2-D738-47B1-8F33-88D34855577A}"
	ProjectSection(SolutionItems) = preProject
		Directory.Build.props = Directory.Build.props
		Directory.Packages.props = Directory.Packages.props
	EndProjectSection
EndProject
Global
	GlobalSection(SolutionConfigurationPlatforms) = preSolution
		Debug|Any CPU = Debug|Any CPU
		Release|Any CPU = Release|Any CPU
	EndGlobalSection
	GlobalSection(ProjectConfigurationPlatforms) = postSolution
		{23CBECA5-9658-421A-B77B-B870A3E4C829}.Debug|Any CPU.ActiveCfg = Debug|Any CPU
		{23CBECA5-9658-421A-B77B-B870A3E4C829}.Debug|Any CPU.Build.0 = Debug|Any CPU
		{23CBECA5-9658-421A-B77B-B870A3E4C829}.Release|Any CPU.ActiveCfg = Release|Any CPU
		{23CBECA5-9658-421A-B77B-B870A3E4C829}.Release|Any CPU.Build.0 = Release|Any CPU
		{6359B5A8-8370-468C-87D6-F702B5141220}.Debug|Any CPU.ActiveCfg = Debug|Any CPU
		{6359B5A8-8370-468C-87D6-F702B5141220}.Debug|Any CPU.Build.0 = Debug|Any CPU
		{6359B5A8-8370-468C-87D6-F702B5141220}.Release|Any CPU.ActiveCfg = Release|Any CPU
		{6359B5A8-8370-468C-87D6-F702B5141220}.Release|Any CPU.Build.0 = Release|Any CPU
	EndGlobalSection
	GlobalSection(SolutionProperties) = preSolution
		HideSolutionNode = FALSE
	EndGlobalSection
	GlobalSection(ExtensibilityGlobals) = postSolution
		SolutionGuid = {03FF9D0E-D3DD-4A81-AB1A-22F3197AE1E0}
	EndGlobalSection
EndGlobal
